
Microsoft Visual Studio Solution File, Format Version 12.00
Project("{FAE04EC0-301F-11D3-BF4B-00C04F79EFBC}") = "WebApplicationTestExceptions", "WebApplicationTestExceptions\WebApplicationTestExceptions.csproj", "{34EA0B41-11E1-4F72-B871-966FAD8B4081}"
EndProject
Project("{FAE04EC0-301F-11D3-BF4B-00C04F79EFBC}") = "WebApplicationTestExceptionTestProject", "WebApplicationTestExceptionTestProject\WebApplicationTestExceptionTestProject.csproj", "{096CB236-9590-4F74-B74C-E85C66C98701}"
EndProject
Global
	GlobalSection(SolutionConfigurationPlatforms) = preSolution
		Debug|Any CPU = Debug|Any CPU
		Release|Any CPU = Release|Any CPU
	EndGlobalSection
	GlobalSection(ProjectConfigurationPlatforms) = postSolution
		{34EA0B41-11E1-4F72-B871-966FAD8B4081}.Debug|Any CPU.ActiveCfg = Debug|Any CPU
		{34EA0B41-11E1-4F72-B871-966FAD8B4081}.Debug|Any CPU.Build.0 = Debug|Any CPU
		{34EA0B41-11E1-4F72-B871-966FAD8B4081}.Release|Any CPU.ActiveCfg = Release|Any CPU
		{34EA0B41-11E1-4F72-B871-966FAD8B4081}.Release|Any CPU.Build.0 = Release|Any CPU
		{096CB236-9590-4F74-B74C-E85C66C98701}.Debug|Any CPU.ActiveCfg = Debug|Any CPU
		{096CB236-9590-4F74-B74C-E85C66C98701}.Debug|Any CPU.Build.0 = Debug|Any CPU
		{096CB236-9590-4F74-B74C-E85C66C98701}.Release|Any CPU.ActiveCfg = Release|Any CPU
		{096CB236-9590-4F74-B74C-E85C66C98701}.Release|Any CPU.Build.0 = Release|Any CPU
	EndGlobalSection
EndGlobal
